
Microsoft Visual Studio Solution File, Format Version 12.00
# Visual Studio Version 16
VisualStudioVersion = 16.0.31729.503
MinimumVisualStudioVersion = 10.0.40219.1
Project("{FAE04EC0-301F-11D3-BF4B-00C04F79EFBC}") = "ArithmeticProgression", "ArithmeticProgression\ArithmeticProgression.csproj", "{AAFBD299-C849-4F5C-B230-1B58ADD5538F}"
EndProject
Global
	GlobalSection(SolutionConfigurationPlatforms) = preSolution
		Debug|Any CPU = Debug|Any CPU
		Release|Any CPU = Release|Any CPU
	EndGlobalSection
	GlobalSection(ProjectConfigurationPlatforms) = postSolution
		{AAFBD299-C849-4F5C-B230-1B58ADD5538F}.Debug|Any CPU.ActiveCfg = Debug|Any CPU
		{AAFBD299-C849-4F5C-B230-1B58ADD5538F}.Debug|Any CPU.Build.0 = Debug|Any CPU
		{AAFBD299-C849-4F5C-B230-1B58ADD5538F}.Release|Any CPU.ActiveCfg = Release|Any CPU
		{AAFBD299-C849-4F5C-B230-1B58ADD5538F}.Release|Any CPU.Build.0 = Release|Any CPU
	EndGlobalSection
	GlobalSection(SolutionProperties) = preSolution
		HideSolutionNode = FALSE
	EndGlobalSection
	GlobalSection(ExtensibilityGlobals) = postSolution
		SolutionGuid = {75D1D903-1B67-4005-A742-0900350FAF72}
	EndGlobalSection
EndGlobal
